
Microsoft Visual Studio Solution File, Format Version 12.00
# Visual Studio Version 16
VisualStudioVersion = 16.0.32228.343
MinimumVisualStudioVersion = 10.0.40219.1
Project("{FAE04EC0-301F-11D3-BF4B-00C04F79EFBC}") = "DagZaf.UWP", "DagZaf\DagZaf.UWP\DagZaf.UWP.csproj", "{3196C21A-2E5F-4260-9B14-1ADE767D8F91}"
EndProject
Project("{FAE04EC0-301F-11D3-BF4B-00C04F79EFBC}") = "DagZaf.Android", "DagZaf\DagZaf.Android\DagZaf.Android.csproj", "{E4C69B8E-E12D-4A0D-ABE2-152F7A5278AC}"
EndProject
Project("{FAE04EC0-301F-11D3-BF4B-00C04F79EFBC}") = "DagZaf.iOS", "DagZaf\DagZaf.iOS\DagZaf.iOS.csproj", "{99B4C53E-3281-45B8-B1EA-25207BCBF17A}"
EndProject
Project("{FAE04EC0-301F-11D3-BF4B-00C04F79EFBC}") = "DagZaf", "DagZaf\DagZaf\DagZaf.csproj", "{5C6197C2-8FB8-4783-A2C9-1E30AD1F585D}"
EndProject
Global
	GlobalSection(SolutionConfigurationPlatforms) = preSolution
		Debug|Any CPU = Debug|Any CPU
		Debug|ARM = Debug|ARM
		Debug|iPhone = Debug|iPhone
		Debug|iPhoneSimulator = Debug|iPhoneSimulator
		Debug|x64 = Debug|x64
		Debug|x86 = Debug|x86
		Release|Any CPU = Release|Any CPU
		Release|ARM = Release|ARM
		Release|iPhone = Release|iPhone
		Release|iPhoneSimulator = Release|iPhoneSimulator
		Release|x64 = Release|x64
		Release|x86 = Release|x86
	EndGlobalSection
	GlobalSection(ProjectConfigurationPlatforms) = postSolution
		{3196C21A-2E5F-4260-9B14-1ADE767D8F91}.Debug|Any CPU.ActiveCfg = Debug|x86
		{3196C21A-2E5F-4260-9B14-1ADE767D8F91}.Debug|Any CPU.Build.0 = Debug|x86
		{3196C21A-2E5F-4260-9B14-1ADE767D8F91}.Debug|Any CPU.Deploy.0 = Debug|x86
		{3196C21A-2E5F-4260-9B14-1ADE767D8F91}.Debug|ARM.ActiveCfg = Debug|ARM
		{3196C21A-2E5F-4260-9B14-1ADE767D8F91}.Debug|ARM.Build.0 = Debug|ARM
		{3196C21A-2E5F-4260-9B14-1ADE767D8F91}.Debug|ARM.Deploy.0 = Debug|ARM
		{3196C21A-2E5F-4260-9B14-1ADE767D8F91}.Debug|iPhone.ActiveCfg = Debug|x86
		{3196C21A-2E5F-4260-9B14-1ADE767D8F91}.Debug|iPhone.Build.0 = Debug|x86
		{3196C21A-2E5F-4260-9B14-1ADE767D8F91}.Debug|iPhone.Deploy.0 = Debug|x86
		{3196C21A-2E5F-4260-9B14-1ADE767D8F91}.Debug|iPhoneSimulator.ActiveCfg = Debug|x86
		{3196C21A-2E5F-4260-9B14-1ADE767D8F91}.Debug|iPhoneSimulator.Build.0 = Debug|x86
		{3196C21A-2E5F-4260-9B14-1ADE767D8F91}.Debug|iPhoneSimulator.Deploy.0 = Debug|x86
		{3196C21A-2E5F-4260-9B14-1ADE767D8F91}.Debug|x64.ActiveCfg = Debug|x64
		{3196C21A-2E5F-4260-9B14-1ADE767D8F91}.Debug|x64.Build.0 = Debug|x64
		{3196C21A-2E5F-4260-9B14-1ADE767D8F91}.Debug|x64.Deploy.0 = Debug|x64
		{3196C21A-2E5F-4260-9B14-1ADE767D8F91}.Debug|x86.ActiveCfg = Debug|x86
		{3196C21A-2E5F-4260-9B14-1ADE767D8F91}.Debug|x86.Build.0 = Debug|x86
		{3196C21A-2E5F-4260-9B14-1ADE767D8F91}.Debug|x86.Deploy.0 = Debug|x86
		{3196C21A-2E5F-4260-9B14-1ADE767D8F91}.Release|Any CPU.ActiveCfg = Release|x86
		{3196C21A-2E5F-4260-9B14-1ADE767D8F91}.Release|Any CPU.Build.0 = Release|x86
		{3196C21A-2E5F-4260-9B14-1ADE767D8F91}.Release|Any CPU.Deploy.0 = Release|x86
		{3196C21A-2E5F-4260-9B14-1ADE767D8F91}.Release|ARM.ActiveCfg = Release|ARM
		{3196C21A-2E5F-4260-9B14-1ADE767D8F91}.Release|ARM.Build.0 = Release|ARM
		{3196C21A-2E5F-4260-9B14-1ADE767D8F91}.Release|ARM.Deploy.0 = Release|ARM
		{3196C21A-2E5F-4260-9B14-1ADE767D8F91}.Release|iPhone.ActiveCfg = Release|x86
		{3196C21A-2E5F-4260-9B14-1ADE767D8F91}.Release|iPhone.Build.0 = Release|x86
		{3196C21A-2E5F-4260-9B14-1ADE767D8F91}.Release|iPhone.Deploy.0 = Release|x86
		{3196C21A-2E5F-4260-9B14-1ADE767D8F91}.Release|iPhoneSimulator.ActiveCfg = Release|x86
		{3196C21A-2E5F-4260-9B14-1ADE767D8F91}.Release|iPhoneSimulator.Build.0 = Release|x86
		{3196C21A-2E5F-4260-9B14-1ADE767D8F91}.Release|iPhoneSimulator.Deploy.0 = Release|x86
		{3196C21A-2E5F-4260-9B14-1ADE767D8F91}.Release|x64.ActiveCfg = Release|x64
		{3196C21A-2E5F-4260-9B14-1ADE767D8F91}.Release|x64.Build.0 = Release|x64
		{3196C21A-2E5F-4260-9B14-1ADE767D8F91}.Release|x64.Deploy.0 = Release|x64
		{3196C21A-2E5F-4260-9B14-1ADE767D8F91}.Release|x86.ActiveCfg = Release|x86
		{3196C21A-2E5F-4260-9B14-1ADE767D8F91}.Release|x86.Build.0 = Release|x86
		{3196C21A-2E5F-4260-9B14-1ADE767D8F91}.Release|x86.Deploy.0 = Release|x86
		{E4C69B8E-E12D-4A0D-ABE2-152F7A5278AC}.Debug|Any CPU.ActiveCfg = Debug|Any CPU
		{E4C69B8E-E12D-4A0D-ABE2-152F7A5278AC}.Debug|Any CPU.Build.0 = Debug|Any CPU
		{E4C69B8E-E12D-4A0D-ABE2-152F7A5278AC}.Debug|Any CPU.Deploy.0 = Debug|Any CPU
		{E4C69B8E-E12D-4A0D-ABE2-152F7A5278AC}.Debug|ARM.ActiveCfg = Debug|Any CPU
		{E4C69B8E-E12D-4A0D-ABE2-152F7A5278AC}.Debug|ARM.Build.0 = Debug|Any CPU
		{E4C69B8E-E12D-4A0D-ABE2-152F7A5278AC}.Debug|ARM.Deploy.0 = Debug|Any CPU
		{E4C69B8E-E12D-4A0D-ABE2-152F7A5278AC}.Debug|iPhone.ActiveCfg = Debug|Any CPU
		{E4C69B8E-E12D-4A0D-ABE2-152F7A5278AC}.Debug|iPhone.Build.0 = Debug|Any CPU
		{E4C69B8E-E12D-4A0D-ABE2-152F7A5278AC}.Debug|iPhone.Deploy.0 = Debug|Any CPU
		{E4C69B8E-E12D-4A0D-ABE2-152F7A5278AC}.Debug|iPhoneSimulator.ActiveCfg = Debug|Any CPU
		{E4C69B8E-E12D-4A0D-ABE2-152F7A5278AC}.Debug|iPhoneSimulator.Build.0 = Debug|Any CPU
		{E4C69B8E-E12D-4A0D-ABE2-152F7A5278AC}.Debug|iPhoneSimulator.Deploy.0 = Debug|Any CPU
		{E4C69B8E-E12D-4A0D-ABE2-152F7A5278AC}.Debug|x64.ActiveCfg = Debug|Any CPU
		{E4C69B8E-E12D-4A0D-ABE2-152F7A5278AC}.Debug|x64.Build.0 = Debug|Any CPU
		{E4C69B8E-E12D-4A0D-ABE2-152F7A5278AC}.Debug|x64.Deploy.0 = Debug|Any CPU
		{E4C69B8E-E12D-4A0D-ABE2-152F7A5278AC}.Debug|x86.ActiveCfg = Debug|Any CPU
		{E4C69B8E-E12D-4A0D-ABE2-152F7A5278AC}.Debug|x86.Build.0 = Debug|Any CPU
		{E4C69B8E-E12D-4A0D-ABE2-152F7A5278AC}.Debug|x86.Deploy.0 = Debug|Any CPU
		{E4C69B8E-E12D-4A0D-ABE2-152F7A5278AC}.Release|Any CPU.ActiveCfg = Release|Any CPU
		{E4C69B8E-E12D-4A0D-ABE2-152F7A5278AC}.Release|Any CPU.Build.0 = Release|Any CPU
		{E4C69B8E-E12D-4A0D-ABE2-152F7A5278AC}.Release|Any CPU.Deploy.0 = Release|Any CPU
		{E4C69B8E-E12D-4A0D-ABE2-152F7A5278AC}.Release|ARM.ActiveCfg = Release|Any CPU
		{E4C69B8E-E12D-4A0D-ABE2-152F7A5278AC}.Release|ARM.Build.0 = Release|Any CPU
		{E4C69B8E-E12D-4A0D-ABE2-152F7A5278AC}.Release|ARM.Deploy.0 = Release|Any CPU
		{E4C69B8E-E12D-4A0D-ABE2-152F7A5278AC}.Release|iPhone.ActiveCfg = Release|Any CPU
		{E4C69B8E-E12D-4A0D-ABE2-152F7A5278AC}.Release|iPhone.Build.0 = Release|Any CPU
		{E4C69B8E-E12D-4A0D-ABE2-152F7A5278AC}.Release|iPhone.Deploy.0 = Release|Any CPU
		{E4C69B8E-E12D-4A0D-ABE2-152F7A5278AC}.Release|iPhoneSimulator.ActiveCfg = Release|Any CPU
		{E4C69B8E-E12D-4A0D-ABE2-152F7A5278AC}.Release|iPhoneSimulator.Build.0 = Release|Any CPU
		{E4C69B8E-E12D-4A0D-ABE2-152F7A5278AC}.Release|iPhoneSimulator.Deploy.0 = Release|Any CPU
		{E4C69B8E-E12D-4A0D-ABE2-152F7A5278AC}.Release|x64.ActiveCfg = Release|Any CPU
		{E4C69B8E-E12D-4A0D-ABE2-152F7A5278AC}.Release|x64.Build.0 = Release|Any CPU
		{E4C69B8E-E12D-4A0D-ABE2-152F7A5278AC}.Release|x64.Deploy.0 = Release|Any CPU
		{E4C69B8E-E12D-4A0D-ABE2-152F7A5278AC}.Release|x86.ActiveCfg = Release|Any CPU
		{E4C69B8E-E12D-4A0D-ABE2-152F7A5278AC}.Release|x86.Build.0 = Release|Any CPU
		{E4C69B8E-E12D-4A0D-ABE2-152F7A5278AC}.Release|x86.Deploy.0 = Release|Any CPU
		{99B4C53E-3281-45B8-B1EA-25207BCBF17A}.Debug|Any CPU.ActiveCfg = Debug|iPhoneSimulator
		{99B4C53E-3281-45B8-B1EA-25207BCBF17A}.Debug|Any CPU.Build.0 = Debug|iPhoneSimulator
		{99B4C53E-3281-45B8-B1EA-25207BCBF17A}.Debug|Any CPU.Deploy.0 = Debug|iPhoneSimulator
		{99B4C53E-3281-45B8-B1EA-25207BCBF17A}.Debug|ARM.ActiveCfg = Debug|iPhone
		{99B4C53E-3281-45B8-B1EA-25207BCBF17A}.Debug|ARM.Build.0 = Debug|iPhone
		{99B4C53E-3281-45B8-B1EA-25207BCBF17A}.Debug|ARM.Deploy.0 = Debug|iPhone
		{99B4C53E-3281-45B8-B1EA-25207BCBF17A}.Debug|iPhone.ActiveCfg = Debug|iPhone
		{99B4C53E-3281-45B8-B1EA-25207BCBF17A}.Debug|iPhone.Build.0 = Debug|iPhone
		{99B4C53E-3281-45B8-B1EA-25207BCBF17A}.Debug|iPhone.Deploy.0 = Debug|iPhone
		{99B4C53E-3281-45B8-B1EA-25207BCBF17A}.Debug|iPhoneSimulator.ActiveCfg = Debug|iPhoneSimulator
		{99B4C53E-3281-45B8-B1EA-25207BCBF17A}.Debug|iPhoneSimulator.Build.0 = Debug|iPhoneSimulator
		{99B4C53E-3281-45B8-B1EA-25207BCBF17A}.Debug|iPhoneSimulator.Deploy.0 = Debug|iPhoneSimulator
		{99B4C53E-3281-45B8-B1EA-25207BCBF17A}.Debug|x64.ActiveCfg = Debug|iPhoneSimulator
		{99B4C53E-3281-45B8-B1EA-25207BCBF17A}.Debug|x64.Build.0 = Debug|iPhoneSimulator
		{99B4C53E-3281-45B8-B1EA-25207BCBF17A}.Debug|x64.Deploy.0 = Debug|iPhoneSimulator
		{99B4C53E-3281-45B8-B1EA-25207BCBF17A}.Debug|x86.ActiveCfg = Debug|iPhoneSimulator
		{99B4C53E-3281-45B8-B1EA-25207BCBF17A}.Debug|x86.Build.0 = Debug|iPhoneSimulator
		{99B4C53E-3281-45B8-B1EA-25207BCBF17A}.Debug|x86.Deploy.0 = Debug|iPhoneSimulator
		{99B4C53E-3281-45B8-B1EA-25207BCBF17A}.Release|Any CPU.ActiveCfg = Release|iPhoneSimulator
		{99B4C53E-3281-45B8-B1EA-25207BCBF17A}.Release|Any CPU.Build.0 = Release|iPhoneSimulator
		{99B4C53E-3281-45B8-B1EA-25207BCBF17A}.Release|Any CPU.Deploy.0 = Release|iPhoneSimulator
		{99B4C53E-3281-45B8-B1EA-25207BCBF17A}.Release|ARM.ActiveCfg = Release|iPhoneSimulator
		{99B4C53E-3281-45B8-B1EA-25207BCBF17A}.Release|ARM.Build.0 = Release|iPhoneSimulator
		{99B4C53E-3281-45B8-B1EA-25207BCBF17A}.Release|ARM.Deploy.0 = Release|iPhoneSimulator
		{99B4C53E-3281-45B8-B1EA-25207BCBF17A}.Release|iPhone.ActiveCfg = Release|iPhone
		{99B4C53E-3281-45B8-B1EA-25207BCBF17A}.Release|iPhone.Build.0 = Release|iPhone
		{99B4C53E-3281-45B8-B1EA-25207BCBF17A}.Release|iPhone.Deploy.0 = Release|iPhone
		{99B4C53E-3281-45B8-B1EA-25207BCBF17A}.Release|iPhoneSimulator.ActiveCfg = Release|iPhoneSimulator
		{99B4C53E-3281-45B8-B1EA-25207BCBF17A}.Release|iPhoneSimulator.Build.0 = Release|iPhoneSimulator
		{99B4C53E-3281-45B8-B1EA-25207BCBF17A}.Release|iPhoneSimulator.Deploy.0 = Release|iPhoneSimulator
		{99B4C53E-3281-45B8-B1EA-25207BCBF17A}.Release|x64.ActiveCfg = Release|iPhoneSimulator
		{99B4C53E-3281-45B8-B1EA-25207BCBF17A}.Release|x64.Build.0 = Release|iPhoneSimulator
		{99B4C53E-3281-45B8-B1EA-25207BCBF17A}.Release|x64.Deploy.0 = Release|iPhoneSimulator
		{99B4C53E-3281-45B8-B1EA-25207BCBF17A}.Release|x86.ActiveCfg = Release|iPhoneSimulator
		{99B4C53E-3281-45B8-B1EA-25207BCBF17A}.Release|x86.Build.0 = Release|iPhoneSimulator
		{99B4C53E-3281-45B8-B1EA-25207BCBF17A}.Release|x86.Deploy.0 = Release|iPhoneSimulator
		{5C6197C2-8FB8-4783-A2C9-1E30AD1F585D}.Debug|Any CPU.ActiveCfg = Debug|Any CPU
		{5C6197C2-8FB8-4783-A2C9-1E30AD1F585D}.Debug|Any CPU.Build.0 = Debug|Any CPU
		{5C6197C2-8FB8-4783-A2C9-1E30AD1F585D}.Debug|Any CPU.Deploy.0 = Debug|Any CPU
		{5C6197C2-8FB8-4783-A2C9-1E30AD1F585D}.Debug|ARM.ActiveCfg = Debug|Any CPU
		{5C6197C2-8FB8-4783-A2C9-1E30AD1F585D}.Debug|ARM.Build.0 = Debug|Any CPU
		{5C6197C2-8FB8-4783-A2C9-1E30AD1F585D}.Debug|ARM.Deploy.0 = Debug|Any CPU
		{5C6197C2-8FB8-4783-A2C9-1E30AD1F585D}.Debug|iPhone.ActiveCfg = Debug|Any CPU
		{5C6197C2-8FB8-4783-A2C9-1E30AD1F585D}.Debug|iPhone.Build.0 = Debug|Any CPU
		{5C6197C2-8FB8-4783-A2C9-1E30AD1F585D}.Debug|iPhone.Deploy.0 = Debug|Any CPU
		{5C6197C2-8FB8-4783-A2C9-1E30AD1F585D}.Debug|iPhoneSimulator.ActiveCfg = Debug|Any CPU
		{5C6197C2-8FB8-4783-A2C9-1E30AD1F585D}.Debug|iPhoneSimulator.Build.0 = Debug|Any CPU
		{5C6197C2-8FB8-4783-A2C9-1E30AD1F585D}.Debug|iPhoneSimulator.Deploy.0 = Debug|Any CPU
		{5C6197C2-8FB8-4783-A2C9-1E30AD1F585D}.Debug|x64.ActiveCfg = Debug|Any CPU
		{5C6197C2-8FB8-4783-A2C9-1E30AD1F585D}.Debug|x64.Build.0 = Debug|Any CPU
		{5C6197C2-8FB8-4783-A2C9-1E30AD1F585D}.Debug|x64.Deploy.0 = Debug|Any CPU
		{5C6197C2-8FB8-4783-A2C9-1E30AD1F585D}.Debug|x86.ActiveCfg = Debug|Any CPU
		{5C6197C2-8FB8-4783-A2C9-1E30AD1F585D}.Debug|x86.Build.0 = Debug|Any CPU
		{5C6197C2-8FB8-4783-A2C9-1E30AD1F585D}.Debug|x86.Deploy.0 = Debug|Any CPU
		{5C6197C2-8FB8-4783-A2C9-1E30AD1F585D}.Release|Any CPU.ActiveCfg = Release|Any CPU
		{5C6197C2-8FB8-4783-A2C9-1E30AD1F585D}.Release|Any CPU.Build.0 = Release|Any CPU
		{5C6197C2-8FB8-4783-A2C9-1E30AD1F585D}.Release|Any CPU.Deploy.0 = Release|Any CPU
		{5C6197C2-8FB8-4783-A2C9-1E30AD1F585D}.Release|ARM.ActiveCfg = Release|Any CPU
		{5C6197C2-8FB8-4783-A2C9-1E30AD1F585D}.Release|ARM.Build.0 = Release|Any CPU
		{5C6197C2-8FB8-4783-A2C9-1E30AD1F585D}.Release|ARM.Deploy.0 = Release|Any CPU
		{5C6197C2-8FB8-4783-A2C9-1E30AD1F585D}.Release|iPhone.ActiveCfg = Release|Any CPU
		{5C6197C2-8FB8-4783-A2C9-1E30AD1F585D}.Release|iPhone.Build.0 = Release|Any CPU
		{5C6197C2-8FB8-4783-A2C9-1E30AD1F585D}.Release|iPhone.Deploy.0 = Release|Any CPU
		{5C6197C2-8FB8-4783-A2C9-1E30AD1F585D}.Release|iPhoneSimulator.ActiveCfg = Release|Any CPU
		{5C6197C2-8FB8-4783-A2C9-1E30AD1F585D}.Release|iPhoneSimulator.Build.0 = Release|Any CPU
		{5C6197C2-8FB8-4783-A2C9-1E30AD1F585D}.Release|iPhoneSimulator.Deploy.0 = Release|Any CPU
		{5C6197C2-8FB8-4783-A2C9-1E30AD1F585D}.Release|x64.ActiveCfg = Release|Any CPU
		{5C6197C2-8FB8-4783-A2C9-1E30AD1F585D}.Release|x64.Build.0 = Release|Any CPU
		{5C6197C2-8FB8-4783-A2C9-1E30AD1F585D}.Release|x64.Deploy.0 = Release|Any CPU
		{5C6197C2-8FB8-4783-A2C9-1E30AD1F585D}.Release|x86.ActiveCfg = Release|Any CPU
		{5C6197C2-8FB8-4783-A2C9-1E30AD1F585D}.Release|x86.Build.0 = Release|Any CPU
		{5C6197C2-8FB8-4783-A2C9-1E30AD1F585D}.Release|x86.Deploy.0 = Release|Any CPU
	EndGlobalSection
	GlobalSection(SolutionProperties) = preSolution
		HideSolutionNode = FALSE
	EndGlobalSection
	GlobalSection(ExtensibilityGlobals) = postSolution
		SolutionGuid = {29BD6821-49F2-4BEC-A993-2E33567EC401}
	EndGlobalSection
EndGlobal
